<?xml version="1.0" encoding="utf-8"?>
<Project ToolsVersion="4.0" xmlns="http://schemas.microsoft.com/developer/msbuild/2003">
  <ItemGroup>
    <Filter Include="Source Files">
      <UniqueIdentifier>{4FC737F1-C7A5-4376-A066-2A32D752A2FF}</UniqueIdentifier>
      <Extensions>cpp;c;cc;cxx;def;odl;idl;hpj;bat;asm;asmx</Extensions>
    </Filter>
    <Filter Include="Header Files">
      <UniqueIdentifier>{93995380-89BD-4b04-88EB-625FBE52EBFB}</UniqueIdentifier>
      <Extensions>h;hh;hpp;hxx;hm;inl;inc;xsd</Extensions>
    </Filter>
    <Filter Include="Resource Files">
      <UniqueIdentifier>{67DA6AB6-F800-4c08-8B7A-83BB121AAD01}</UniqueIdentifier>
      <Extensions>rc;ico;cur;bmp;dlg;rc2;rct;bin;rgs;gif;jpg;jpeg;jpe;resx;tiff;tif;png;wav;mfcribbon-ms</Extensions>
    </Filter>
    <Filter Include="Resource Files">
      <UniqueIdentifier>{D9D6E242-F8AF-46E4-B9FD-80ECBC20BA3E}</UniqueIdentifier>
      <Extensions>qrc;qml;*</Extensions>
      <ParseFiles>false</ParseFiles>
    </Filter>
    <Filter Include="Form Files">
      <UniqueIdentifier>{99349809-55BA-4b9d-BF79-8FDBB0286EB3}</UniqueIdentifier>
      <Extensions>ui</Extensions>
      <ParseFiles>true</ParseFiles>
    </Filter>
  </ItemGroup>
  <ItemGroup>
    <ClCompile Include="main.cpp">
      <Filter>Source Files</Filter>
    </ClCompile>
    <QtRcc Include="qml.qrc">
      <Filter>Resource Files</Filter>
    </QtRcc>
    <None Include="main.qml">
      <Filter>Resource Files</Filter>
    </None>
    <ClCompile Include="Injection\Injector.cpp">
      <Filter>Source Files</Filter>
    </ClCompile>
    <ClCompile Include="Qt\MainWindow.cpp">
      <Filter>Source Files</Filter>
    </ClCompile>
    <ClCompile Include="Qt\PlayerTab.cpp">
      <Filter>Source Files</Filter>
    </ClCompile>
    <ClCompile Include="Ipc.cpp">
      <Filter>Source Files</Filter>
    </ClCompile>
    <ClCompile Include="Qt\QHexView.cpp">
      <Filter>Source Files</Filter>
    </ClCompile>
    <ClCompile Include="utils.cpp">
      <Filter>Source Files</Filter>
    </ClCompile>
    <ClCompile Include="Game\Game.cpp">
      <Filter>Source Files</Filter>
    </ClCompile>
    <ClCompile Include="Game\Actor.cpp">
      <Filter>Source Files</Filter>
    </ClCompile>
    <ClCompile Include="Game\MathUtils.cpp">
      <Filter>Source Files</Filter>
    </ClCompile>
    <ClCompile Include="Game\Character.cpp">
      <Filter>Source Files</Filter>
    </ClCompile>
    <ClCompile Include="Game\Npc.cpp">
      <Filter>Source Files</Filter>
    </ClCompile>
    <ClCompile Include="Game\DroppedItem.cpp">
      <Filter>Source Files</Filter>
    </ClCompile>
    <ClCompile Include="Game\Status.cpp">
      <Filter>Source Files</Filter>
    </ClCompile>
    <ClCompile Include="Qt\Radar\MapFrame.cpp">
      <Filter>Source Files</Filter>
    </ClCompile>
    <ClCompile Include="Game\Player.cpp">
      <Filter>Source Files</Filter>
    </ClCompile>
    <ClCompile Include="Game\LocalPlayer.cpp">
      <Filter>Source Files</Filter>
    </ClCompile>
    <ClCompile Include="Bot\Bot.cpp">
      <Filter>Source Files</Filter>
    </ClCompile>
    <ClCompile Include="Game\Network\PacketHandler.cpp">
      <Filter>Source Files</Filter>
    </ClCompile>
    <ClCompile Include="Bot\Task\TaskFindTarget.cpp">
      <Filter>Source Files</Filter>
    </ClCompile>
    <ClCompile Include="Bot\Task\TaskMoveToTarget.cpp">
      <Filter>Source Files</Filter>
    </ClCompile>
    <ClCompile Include="Qt\ClientsHandler.cpp">
      <Filter>Source Files</Filter>
    </ClCompile>
    <ClCompile Include="Qt\ClientItem.cpp">
      <Filter>Source Files</Filter>
    </ClCompile>
    <ClCompile Include="Game\Network\Packet306.cpp">
      <Filter>Source Files</Filter>
    </ClCompile>
    <ClCompile Include="Game\Network\Packet140.cpp">
      <Filter>Source Files</Filter>
    </ClCompile>
    <ClCompile Include="Qt\Radar\CharListElement.cpp">
      <Filter>Source Files</Filter>
    </ClCompile>
    <ClCompile Include="Qt\Radar\CharacterList.cpp">
      <Filter>Source Files</Filter>
    </ClCompile>
    <ClCompile Include="Qt\QtUtils.cpp">
      <Filter>Source Files</Filter>
    </ClCompile>
    <ClCompile Include="Qt\Radar\ItemList.cpp">
      <Filter>Source Files</Filter>
    </ClCompile>
    <ClCompile Include="Qt\Radar\ItemListElement.cpp">
      <Filter>Source Files</Filter>
    </ClCompile>
    <ClCompile Include="Bot\MapPolygon.cpp">
      <Filter>Source Files</Filter>
    </ClCompile>
    <ClCompile Include="Qt\ToggleButtonWidget.cpp">
      <Filter>Source Files</Filter>
    </ClCompile>
    <ClCompile Include="Qt\Radar\RadarWidget.cpp">
      <Filter>Source Files</Filter>
    </ClCompile>
    <ClCompile Include="Bot\TaskSerializer.cpp">
      <Filter>Source Files</Filter>
    </ClCompile>
    <ClCompile Include="Game\Catalog.cpp">
      <Filter>Source Files</Filter>
    </ClCompile>
    <ClCompile Include="Bot\Condition\Condition.cpp">
      <Filter>Source Files</Filter>
    </ClCompile>
    <ClCompile Include="Bot\Task\TaskMove.cpp">
      <Filter>Source Files</Filter>
    </ClCompile>
    <ClCompile Include="Game\InventoryItem.cpp">
      <Filter>Source Files</Filter>
    </ClCompile>
    <ClCompile Include="Qt\Inventory\InventoryList.cpp">
      <Filter>Source Files</Filter>
    </ClCompile>
    <ClCompile Include="Qt\Inventory\IntentoryItemElement.cpp">
      <Filter>Source Files</Filter>
    </ClCompile>
    <ClCompile Include="third_party\pugixml\src\pugixml.cpp">
      <Filter>Source Files</Filter>
    </ClCompile>
    <ClCompile Include="Game\Network\Packet.cpp">
      <Filter>Source Files</Filter>
    </ClCompile>
    <ClCompile Include="Bot\Condition\ConditionSet.cpp">
      <Filter>Source Files</Filter>
    </ClCompile>
    <ClCompile Include="Bot\Task\TaskAutoAttack.cpp">
      <Filter>Source Files</Filter>
    </ClCompile>
    <ClCompile Include="Qt\Rules\QtCondition.cpp">
      <Filter>Source Files</Filter>
    </ClCompile>
  </ItemGroup>
  <ItemGroup>
    <ClInclude Include="Injection\Injector.h">
      <Filter>Header Files</Filter>
    </ClInclude>
    <ClInclude Include="Injection\safe_handle.hpp">
      <Filter>Header Files</Filter>
    </ClInclude>
    <ClInclude Include="..\Shared\IpcShared.h">
      <Filter>Header Files</Filter>
    </ClInclude>
    <ClInclude Include="Qt\QHexView.h">
      <Filter>Header Files</Filter>
    </ClInclude>
    <ClInclude Include="utils.h">
      <Filter>Header Files</Filter>
    </ClInclude>
    <ClInclude Include="Game\Game.h">
      <Filter>Header Files</Filter>
    </ClInclude>
    <ClInclude Include="Game\Actor.h">
      <Filter>Header Files</Filter>
    </ClInclude>
    <ClInclude Include="Game\GameData.h">
      <Filter>Header Files</Filter>
    </ClInclude>
    <ClInclude Include="Game\MathUtils.h">
      <Filter>Header Files</Filter>
    </ClInclude>
    <ClInclude Include="Game\Character.h">
      <Filter>Header Files</Filter>
    </ClInclude>
    <ClInclude Include="Game\Npc.h">
      <Filter>Header Files</Filter>
    </ClInclude>
    <ClInclude Include="Game\DroppedItem.h">
      <Filter>Header Files</Filter>
    </ClInclude>
    <ClInclude Include="Game\Status.h">
      <Filter>Header Files</Filter>
    </ClInclude>
    <ClInclude Include="Game\Player.h">
      <Filter>Header Files</Filter>
    </ClInclude>
    <ClInclude Include="..\Shared\Protocol.h">
      <Filter>Header Files</Filter>
    </ClInclude>
    <ClInclude Include="Game\LocalPlayer.h">
      <Filter>Header Files</Filter>
    </ClInclude>
    <ClInclude Include="Game\IGameNotify.h">
      <Filter>Header Files</Filter>
    </ClInclude>
    <ClInclude Include="Bot\Bot.h">
      <Filter>Header Files</Filter>
    </ClInclude>
    <ClInclude Include="Game\Network\PacketStream.h">
      <Filter>Header Files</Filter>
    </ClInclude>
    <ClInclude Include="Game\Network\PacketHandler.h">
      <Filter>Header Files</Filter>
    </ClInclude>
    <ClInclude Include="Bot\Task\Task.h">
      <Filter>Header Files</Filter>
    </ClInclude>
    <ClInclude Include="Bot\Condition\Condition.h">
      <Filter>Header Files</Filter>
    </ClInclude>
    <ClInclude Include="Bot\Task\TaskFindTarget.h">
      <Filter>Header Files</Filter>
    </ClInclude>
    <ClInclude Include="Bot\Task\TaskMoveToTarget.h">
      <Filter>Header Files</Filter>
    </ClInclude>
    <ClInclude Include="Bot\Task\TaskPickup.hpp">
      <Filter>Header Files</Filter>
    </ClInclude>
    <ClInclude Include="Bot\Task\TaskUseSkill.hpp">
      <Filter>Header Files</Filter>
    </ClInclude>
    <ClInclude Include="Game\Network\Packet306.h">
      <Filter>Header Files</Filter>
    </ClInclude>
    <ClInclude Include="Game\Network\Packet140.h">
      <Filter>Header Files</Filter>
    </ClInclude>
    <ClInclude Include="Qt\QtUtils.h">
      <Filter>Header Files</Filter>
    </ClInclude>
    <ClInclude Include="Qt\Radar\ActorListWidgetItem.hpp">
      <Filter>Header Files</Filter>
    </ClInclude>
    <ClInclude Include="Bot\Task\TaskSweep.hpp">
      <Filter>Header Files</Filter>
    </ClInclude>
    <ClInclude Include="Bot\Task\TaskUseItem.hpp">
      <Filter>Header Files</Filter>
    </ClInclude>
    <ClInclude Include="Bot\MapPolygon.h">
      <Filter>Header Files</Filter>
    </ClInclude>
    <ClInclude Include="Bot\TaskSerializer.h">
      <Filter>Header Files</Filter>
    </ClInclude>
    <ClInclude Include="Game\Catalog.h">
      <Filter>Header Files</Filter>
    </ClInclude>
    <ClInclude Include="Bot\Task\TaskRest.hpp">
      <Filter>Header Files</Filter>
    </ClInclude>
    <ClInclude Include="Bot\Task\TaskIdle.hpp">
      <Filter>Header Files</Filter>
    </ClInclude>
    <ClInclude Include="Bot\Task\TaskMove.h">
      <Filter>Header Files</Filter>
    </ClInclude>
    <ClInclude Include="Bot\Task\TaskAttack.hpp">
      <Filter>Header Files</Filter>
    </ClInclude>
    <ClInclude Include="Game\InventoryItem.h">
      <Filter>Header Files</Filter>
    </ClInclude>
    <ClInclude Include="Bot\Task\TaskAcceptParty.hpp">
      <Filter>Header Files</Filter>
    </ClInclude>
    <ClInclude Include="Bot\Task\TaskFollow.hpp">
      <Filter>Header Files</Filter>
    </ClInclude>
    <ClInclude Include="third_party\pugixml\src\pugiconfig.hpp">
      <Filter>Header Files</Filter>
    </ClInclude>
    <ClInclude Include="third_party\pugixml\src\pugixml.hpp">
      <Filter>Header Files</Filter>
    </ClInclude>
    <ClInclude Include="Game\Network\Packet.h">
      <Filter>Header Files</Filter>
    </ClInclude>
    <ClInclude Include="Bot\Condition\ConditionSet.h">
      <Filter>Header Files</Filter>
    </ClInclude>
    <ClInclude Include="Bot\Task\TaskAutoAttack.h">
      <Filter>Header Files</Filter>
    </ClInclude>
  </ItemGroup>
  <ItemGroup>
    <QtUic Include="Qt\PlayerTab.ui">
      <Filter>Form Files</Filter>
    </QtUic>
    <QtUic Include="Qt\MainWindow.ui">
      <Filter>Form Files</Filter>
    </QtUic>
    <QtUic Include="Qt\ClientsHandler.ui">
      <Filter>Form Files</Filter>
    </QtUic>
    <QtUic Include="Qt\ClientItem.ui">
      <Filter>Form Files</Filter>
    </QtUic>
    <QtUic Include="Qt\Radar\CharListElement.ui">
      <Filter>Form Files</Filter>
    </QtUic>
    <QtUic Include="Qt\Radar\CharacterList.ui">
      <Filter>Form Files</Filter>
    </QtUic>
    <QtUic Include="Qt\Radar\ItemList.ui">
      <Filter>Form Files</Filter>
    </QtUic>
    <QtUic Include="Qt\Radar\ItemListElement.ui">
      <Filter>Form Files</Filter>
    </QtUic>
    <QtUic Include="Qt\ToggleButtonWidget.ui">
      <Filter>Form Files</Filter>
    </QtUic>
    <QtUic Include="Qt\Radar\RadarWidget.ui">
      <Filter>Form Files</Filter>
    </QtUic>
    <QtUic Include="Qt\Inventory\InventoryList.ui">
      <Filter>Form Files</Filter>
    </QtUic>
    <QtUic Include="Qt\Inventory\IntentoryItemElement.ui">
      <Filter>Form Files</Filter>
    </QtUic>
    <QtUic Include="Qt\Rules\QtCondition.ui">
      <Filter>Form Files</Filter>
    </QtUic>
  </ItemGroup>
  <ItemGroup>
    <QtMoc Include="Qt\PlayerTab.h">
      <Filter>Header Files</Filter>
    </QtMoc>
    <QtMoc Include="Qt\MainWindow.h">
      <Filter>Header Files</Filter>
    </QtMoc>
    <QtMoc Include="Qt\Radar\MapFrame.h">
      <Filter>Header Files</Filter>
    </QtMoc>
    <QtMoc Include="Ipc.h">
      <Filter>Header Files</Filter>
    </QtMoc>
    <QtMoc Include="Qt\ClientsHandler.h">
      <Filter>Header Files</Filter>
    </QtMoc>
    <QtMoc Include="Qt\ClientItem.h">
      <Filter>Header Files</Filter>
    </QtMoc>
    <QtMoc Include="Qt\Radar\CharListElement.h">
      <Filter>Header Files</Filter>
    </QtMoc>
    <QtMoc Include="Qt\Radar\CharacterList.h">
      <Filter>Header Files</Filter>
    </QtMoc>
    <QtMoc Include="Qt\Radar\ItemList.h">
      <Filter>Header Files</Filter>
    </QtMoc>
    <QtMoc Include="Qt\Radar\ItemListElement.h">
      <Filter>Header Files</Filter>
    </QtMoc>
    <QtMoc Include="Qt\ToggleButtonWidget.h">
      <Filter>Header Files</Filter>
    </QtMoc>
    <QtMoc Include="Qt\Radar\RadarWidget.h">
      <Filter>Header Files</Filter>
    </QtMoc>
    <QtMoc Include="Qt\Inventory\InventoryList.h">
      <Filter>Header Files</Filter>
    </QtMoc>
    <QtMoc Include="Qt\Inventory\IntentoryItemElement.h">
      <Filter>Header Files</Filter>
    </QtMoc>
    <QtMoc Include="Qt\Rules\QtCondition.h">
      <Filter>Header Files</Filter>
    </QtMoc>
  </ItemGroup>
  <ItemGroup>
    <QtRcc Include="qt.qrc" />
  </ItemGroup>
  <ItemGroup>
    <None Include="packages.config" />
  </ItemGroup>
</Project>